version = 1
revision = 2
requires-python = ">=3.13"

[[package]]
name = "altgraph"
version = "0.17.4"
source = { registry = "https://pypi.tuna.tsinghua.edu.cn/simple" }
sdist = { url = "https://pypi.tuna.tsinghua.edu.cn/packages/de/a8/7145824cf0b9e3c28046520480f207df47e927df83aa9555fb47f8505922/altgraph-0.17.4.tar.gz", hash = "sha256:1b5afbb98f6c4dcadb2e2ae6ab9fa994bbb8c1d75f4fa96d340f9437ae454406" }
wheels = [
    { url = "https://pypi.tuna.tsinghua.edu.cn/packages/4d/3f/3bc3f1d83f6e4a7fcb834d3720544ca597590425be5ba9db032b2bf322a2/altgraph-0.17.4-py2.py3-none-any.whl", hash = "sha256:642743b4750de17e655e6711601b077bc6598dbfa3ba5fa2b2a35ce12b508dff" },
]

[[package]]
name = "build"
version = "1.2.2"
source = { registry = "https://pypi.tuna.tsinghua.edu.cn/simple" }
dependencies = [
    { name = "colorama", marker = "os_name == 'nt'" },
    { name = "packaging" },
    { name = "pyproject-hooks" },
]
sdist = { url = "https://pypi.tuna.tsinghua.edu.cn/packages/dd/bb/4a1b7e3a7520e310cf7bfece43788071604e1ccf693a7f0c4638c59068d6/build-1.2.2.tar.gz", hash = "sha256:119b2fb462adef986483438377a13b2f42064a2a3a4161f24a0cca698a07ac8c", size = 46516, upload_time = "2024-09-06T20:14:57.791Z" }
wheels = [
    { url = "https://pypi.tuna.tsinghua.edu.cn/packages/91/fd/e4bda6228637ecae5732162b5ac2a5a822e2ba8e546eb4997cde51b231a3/build-1.2.2-py3-none-any.whl", hash = "sha256:277ccc71619d98afdd841a0e96ac9fe1593b823af481d3b0cea748e8894e0613", size = 22823, upload_time = "2024-09-06T20:14:56.523Z" },
]

[[package]]
name = "colorama"
version = "0.4.6"
source = { registry = "https://pypi.tuna.tsinghua.edu.cn/simple" }
sdist = { url = "https://pypi.tuna.tsinghua.edu.cn/packages/d8/53/6f443c9a4a8358a93a6792e2acffb9d9d5cb0a5cfd8802644b7b1c9a02e4/colorama-0.4.6.tar.gz", hash = "sha256:08695f5cb7ed6e0531a20572697297273c47b8cae5a63ffc6d6ed5c201be6e44", size = 27697, upload_time = "2022-10-25T02:36:22.414Z" }
wheels = [
    { url = "https://pypi.tuna.tsinghua.edu.cn/packages/d1/d6/3965ed04c63042e047cb6a3e6ed1a63a35087b6a609aa3a15ed8ac56c221/colorama-0.4.6-py2.py3-none-any.whl", hash = "sha256:4f1d9991f5acc0ca119f9d443620b77f9d6b33703e51011c16baf57afb285fc6", size = 25335, upload_time = "2022-10-25T02:36:20.889Z" },
]

[[package]]
name = "macholib"
version = "1.16.3"
source = { registry = "https://pypi.tuna.tsinghua.edu.cn/simple" }
dependencies = [
    { name = "altgraph" },
]
sdist = { url = "https://pypi.tuna.tsinghua.edu.cn/packages/95/ee/af1a3842bdd5902ce133bd246eb7ffd4375c38642aeb5dc0ae3a0329dfa2/macholib-1.16.3.tar.gz", hash = "sha256:07ae9e15e8e4cd9a788013d81f5908b3609aa76f9b1421bae9c4d7606ec86a30" }
wheels = [
    { url = "https://pypi.tuna.tsinghua.edu.cn/packages/d1/5d/c059c180c84f7962db0aeae7c3b9303ed1d73d76f2bfbc32bc231c8be314/macholib-1.16.3-py2.py3-none-any.whl", hash = "sha256:0e315d7583d38b8c77e815b1ecbdbf504a8258d8b3e17b61165c6feb60d18f2c" },
]

[[package]]
name = "packaging"
version = "25.0"
source = { registry = "https://pypi.tuna.tsinghua.edu.cn/simple" }
sdist = { url = "https://pypi.tuna.tsinghua.edu.cn/packages/a1/d4/1fc4078c65507b51b96ca8f8c3ba19e6a61c8253c72794544580a7b6c24d/packaging-25.0.tar.gz", hash = "sha256:d443872c98d677bf60f6a1f2f8c1cb748e8fe762d2bf9d3148b5599295b0fc4f", size = 165727, upload_time = "2025-04-19T11:48:59.673Z" }
wheels = [
    { url = "https://pypi.tuna.tsinghua.edu.cn/packages/20/12/38679034af332785aac8774540895e234f4d07f7545804097de4b666afd8/packaging-25.0-py3-none-any.whl", hash = "sha256:29572ef2b1f17581046b3a2227d5c611fb25ec70ca1ba8554b24b0e69331a484", size = 66469, upload_time = "2025-04-19T11:48:57.875Z" },
]

[[package]]
name = "pefile"
version = "2023.2.7"
source = { registry = "https://pypi.tuna.tsinghua.edu.cn/simple" }
sdist = { url = "https://pypi.tuna.tsinghua.edu.cn/packages/78/c5/3b3c62223f72e2360737fd2a57c30e5b2adecd85e70276879609a7403334/pefile-2023.2.7.tar.gz", hash = "sha256:82e6114004b3d6911c77c3953e3838654b04511b8b66e8583db70c65998017dc", size = 74854, upload_time = "2023-02-07T12:23:55.958Z" }
wheels = [
    { url = "https://pypi.tuna.tsinghua.edu.cn/packages/55/26/d0ad8b448476d0a1e8d3ea5622dc77b916db84c6aa3cb1e1c0965af948fc/pefile-2023.2.7-py3-none-any.whl", hash = "sha256:da185cd2af68c08a6cd4481f7325ed600a88f6a813bad9dea07ab3ef73d8d8d6", size = 71791, upload_time = "2023-02-07T12:28:36.678Z" },
]

[[package]]
name = "ps2mc"
version = "0.1.0"
source = { registry = "https://pypi.tuna.tsinghua.edu.cn/simple" }
sdist = { url = "https://pypi.tuna.tsinghua.edu.cn/packages/f7/2e/7184819fa4cee811f4a6a6b7fdd157f77fcfd925802a59f05c288f4ce508/ps2mc-0.1.0.tar.gz", hash = "sha256:98251bc90e979c2b91ae3bad930b91c5c06e0f41c3da321445132a93b1a5f5af", size = 8264, upload_time = "2025-06-06T07:17:58.661Z" }
wheels = [
    { url = "https://pypi.tuna.tsinghua.edu.cn/packages/30/fb/863ea0cb7599163646451f0dc372c7ef0686ab4c90028abb34c8a8c0e2a0/ps2mc-0.1.0-py3-none-any.whl", hash = "sha256:30c48041004d1301115dfc27e9cb5cdef4a86ae6399eda47d9808e955d691453", size = 10146, upload_time = "2025-06-06T07:17:57.472Z" },
]

[[package]]
name = "pyinstaller"
version = "6.11.1"
source = { registry = "https://pypi.tuna.tsinghua.edu.cn/simple" }
dependencies = [
    { name = "altgraph" },
    { name = "macholib", marker = "sys_platform == 'darwin'" },
    { name = "packaging" },
    { name = "pefile", marker = "sys_platform == 'win32'" },
    { name = "pyinstaller-hooks-contrib" },
    { name = "pywin32-ctypes", marker = "sys_platform == 'win32'" },
    { name = "setuptools" },
]
sdist = { url = "https://pypi.tuna.tsinghua.edu.cn/packages/55/d4/54f5f5c73b803e6256ea97ffc6ba8a305d9a5f57f85f9b00b282512bf18a/pyinstaller-6.11.1.tar.gz", hash = "sha256:491dfb4d9d5d1d9650d9507daec1ff6829527a254d8e396badd60a0affcb72ef", size = 4249772, upload_time = "2024-11-10T17:01:25.415Z" }
wheels = [
    { url = "https://pypi.tuna.tsinghua.edu.cn/packages/96/15/b0f1c0985ee32fcd2f6ad9a486ef94e4db3fef9af025a3655e76cb708009/pyinstaller-6.11.1-py3-none-macosx_10_13_universal2.whl", hash = "sha256:44e36172de326af6d4e7663b12f71dbd34e2e3e02233e181e457394423daaf03", size = 991780, upload_time = "2024-11-10T17:00:17.242Z" },
    { url = "https://pypi.tuna.tsinghua.edu.cn/packages/fd/0f/9f54cb18abe2b1d89051bc9214c0cb40d7b5f4049c151c315dacc067f4a2/pyinstaller-6.11.1-py3-none-manylinux2014_aarch64.whl", hash = "sha256:6d12c45a29add78039066a53fb05967afaa09a672426072b13816fe7676abfc4", size = 711739, upload_time = "2024-11-10T17:00:21.734Z" },
    { url = "https://pypi.tuna.tsinghua.edu.cn/packages/32/f7/79d10830780eff8339bfa793eece1df4b2459e35a712fc81983e8536cc29/pyinstaller-6.11.1-py3-none-manylinux2014_i686.whl", hash = "sha256:ddc0fddd75f07f7e423da1f0822e389a42af011f9589e0269b87e0d89aa48c1f", size = 714053, upload_time = "2024-11-10T17:00:25.773Z" },
    { url = "https://pypi.tuna.tsinghua.edu.cn/packages/25/f7/9961ef02cdbd2dbb1b1a215292656bd0ea72a83aafd8fb6373513849711e/pyinstaller-6.11.1-py3-none-manylinux2014_ppc64le.whl", hash = "sha256:0d6475559c4939f0735122989611d7f739ed3bf02f666ce31022928f7a7e4fda", size = 719133, upload_time = "2024-11-10T17:00:30.342Z" },
    { url = "https://pypi.tuna.tsinghua.edu.cn/packages/6f/4d/7f854842a1ce798de762a0b0bc5d5a4fc26ad06164a98575dc3c54abed1f/pyinstaller-6.11.1-py3-none-manylinux2014_s390x.whl", hash = "sha256:e21c7806e34f40181e7606926a14579f848bfb1dc52cbca7eea66eccccbfe977", size = 709591, upload_time = "2024-11-10T17:00:34.932Z" },
    { url = "https://pypi.tuna.tsinghua.edu.cn/packages/7f/e0/00d29fc90c3ba50620c61554e26ebb4d764569507be7cd1c8794aa696f9a/pyinstaller-6.11.1-py3-none-manylinux2014_x86_64.whl", hash = "sha256:32c742a24fe65d0702958fadf4040f76de85859c26bec0008766e5dbabc5b68f", size = 710068, upload_time = "2024-11-10T17:00:39.655Z" },
    { url = "https://pypi.tuna.tsinghua.edu.cn/packages/3e/57/d14b44a69f068d2caaee49d15e45f9fa0f37c6a2d2ad778c953c1722a1ca/pyinstaller-6.11.1-py3-none-musllinux_1_1_aarch64.whl", hash = "sha256:208c0ef6dab0837a0a273ea32d1a3619a208e3d1fe3fec3785eea71a77fd00ce", size = 714439, upload_time = "2024-11-10T17:00:43.838Z" },
    { url = "https://pypi.tuna.tsinghua.edu.cn/packages/88/01/256824bb57ca208099c86c2fb289f888ca7732580e91ced48fa14e5903b2/pyinstaller-6.11.1-py3-none-musllinux_1_1_x86_64.whl", hash = "sha256:ad84abf465bcda363c1d54eafa76745d77b6a8a713778348377dc98d12a452f7", size = 710457, upload_time = "2024-11-10T17:00:47.89Z" },
    { url = "https://pypi.tuna.tsinghua.edu.cn/packages/7c/f0/98c9138f5f0ff17462f1ad6d712dcfa643b9a283d6238d464d8145bc139d/pyinstaller-6.11.1-py3-none-win32.whl", hash = "sha256:2e8365276c5131c9bef98e358fbc305e4022db8bedc9df479629d6414021956a", size = 1280261, upload_time = "2024-11-10T17:00:54.688Z" },
    { url = "https://pypi.tuna.tsinghua.edu.cn/packages/7d/08/f43080614b3e8bce481d4dfd580e579497c7dcdaf87656d9d2ad912e5796/pyinstaller-6.11.1-py3-none-win_amd64.whl", hash = "sha256:7ac83c0dc0e04357dab98c487e74ad2adb30e7eb186b58157a8faf46f1fa796f", size = 1340482, upload_time = "2024-11-10T17:01:01.62Z" },
    { url = "https://pypi.tuna.tsinghua.edu.cn/packages/ed/56/953c6594cb66e249563854c9cc04ac5a055c6c99d1614298feeaeaa9b87e/pyinstaller-6.11.1-py3-none-win_arm64.whl", hash = "sha256:35e6b8077d240600bb309ed68bb0b1453fd2b7ab740b66d000db7abae6244423", size = 1267519, upload_time = "2024-11-10T17:01:08.525Z" },
]

[[package]]
name = "pyinstaller-hooks-contrib"
version = "2025.4"
source = { registry = "https://pypi.tuna.tsinghua.edu.cn/simple" }
dependencies = [
    { name = "packaging" },
    { name = "setuptools" },
]
sdist = { url = "https://pypi.tuna.tsinghua.edu.cn/packages/e3/94/dfc5c7903306211798f990e6794c2eb7b8685ac487b26979e9255790419c/pyinstaller_hooks_contrib-2025.4.tar.gz", hash = "sha256:5ce1afd1997b03e70f546207031cfdf2782030aabacc102190677059e2856446", size = 162628, upload_time = "2025-05-03T20:15:55.983Z" }
wheels = [
    { url = "https://pypi.tuna.tsinghua.edu.cn/packages/d3/e1/ed48c7074145898e5c5b0072e87be975c5bd6a1d0f08c27a1daa7064fca0/pyinstaller_hooks_contrib-2025.4-py3-none-any.whl", hash = "sha256:6c2d73269b4c484eb40051fc1acee0beb113c2cfb3b37437b8394faae6f0d072", size = 434451, upload_time = "2025-05-03T20:15:54.579Z" },
]

[[package]]
name = "pyproject-hooks"
version = "1.2.0"
source = { registry = "https://pypi.tuna.tsinghua.edu.cn/simple" }
sdist = { url = "https://pypi.tuna.tsinghua.edu.cn/packages/e7/82/28175b2414effca1cdac8dc99f76d660e7a4fb0ceefa4b4ab8f5f6742925/pyproject_hooks-1.2.0.tar.gz", hash = "sha256:1e859bd5c40fae9448642dd871adf459e5e2084186e8d2c2a79a824c970da1f8", size = 19228, upload_time = "2024-09-29T09:24:13.293Z" }
wheels = [
    { url = "https://pypi.tuna.tsinghua.edu.cn/packages/bd/24/12818598c362d7f300f18e74db45963dbcb85150324092410c8b49405e42/pyproject_hooks-1.2.0-py3-none-any.whl", hash = "sha256:9e5c6bfa8dcc30091c74b0cf803c81fdd29d94f01992a7707bc97babb1141913", size = 10216, upload_time = "2024-09-29T09:24:11.978Z" },
]

[[package]]
name = "pywin32-ctypes"
version = "0.2.3"
source = { registry = "https://pypi.tuna.tsinghua.edu.cn/simple" }
sdist = { url = "https://pypi.tuna.tsinghua.edu.cn/packages/85/9f/01a1a99704853cb63f253eea009390c88e7131c67e66a0a02099a8c917cb/pywin32-ctypes-0.2.3.tar.gz", hash = "sha256:d162dc04946d704503b2edc4d55f3dba5c1d539ead017afa00142c38b9885755", size = 29471, upload_time = "2024-08-14T10:15:34.626Z" }
wheels = [
    { url = "https://pypi.tuna.tsinghua.edu.cn/packages/de/3d/8161f7711c017e01ac9f008dfddd9410dff3674334c233bde66e7ba65bbf/pywin32_ctypes-0.2.3-py3-none-any.whl", hash = "sha256:8a1513379d709975552d202d942d9837758905c8d01eb82b8bcc30918929e7b8", size = 30756, upload_time = "2024-08-14T10:15:33.187Z" },
]

[[package]]
name = "sakatsuku04"
version = "1.0.5"
source = { editable = "." }
dependencies = [
    { name = "ps2mc" },
    { name = "wxpython" },
]

[package.optional-dependencies]
dev = [
    { name = "build" },
    { name = "pyinstaller" },
    { name = "tomli" },
]

[package.metadata]
requires-dist = [
    { name = "build", marker = "extra == 'dev'", specifier = "==1.2.2" },
    { name = "ps2mc" },
    { name = "pyinstaller", marker = "extra == 'dev'", specifier = "==6.11.1" },
    { name = "tomli", marker = "extra == 'dev'", specifier = "==2.2.1" },
    { name = "wxpython", specifier = "==4.2.2" },
]
provides-extras = ["dev"]

[[package]]
name = "setuptools"
version = "80.9.0"
source = { registry = "https://pypi.tuna.tsinghua.edu.cn/simple" }
sdist = { url = "https://pypi.tuna.tsinghua.edu.cn/packages/18/5d/3bf57dcd21979b887f014ea83c24ae194cfcd12b9e0fda66b957c69d1fca/setuptools-80.9.0.tar.gz", hash = "sha256:f36b47402ecde768dbfafc46e8e4207b4360c654f1f3bb84475f0a28628fb19c", size = 1319958, upload_time = "2025-05-27T00:56:51.443Z" }
wheels = [
    { url = "https://pypi.tuna.tsinghua.edu.cn/packages/a3/dc/17031897dae0efacfea57dfd3a82fdd2a2aeb58e0ff71b77b87e44edc772/setuptools-80.9.0-py3-none-any.whl", hash = "sha256:062d34222ad13e0cc312a4c02d73f059e86a4acbfbdea8f8f76b28c99f306922", size = 1201486, upload_time = "2025-05-27T00:56:49.664Z" },
]

[[package]]
name = "six"
version = "1.17.0"
source = { registry = "https://pypi.tuna.tsinghua.edu.cn/simple" }
sdist = { url = "https://pypi.tuna.tsinghua.edu.cn/packages/94/e7/b2c673351809dca68a0e064b6af791aa332cf192da575fd474ed7d6f16a2/six-1.17.0.tar.gz", hash = "sha256:ff70335d468e7eb6ec65b95b99d3a2836546063f63acc5171de367e834932a81", size = 34031, upload_time = "2024-12-04T17:35:28.174Z" }
wheels = [
    { url = "https://pypi.tuna.tsinghua.edu.cn/packages/b7/ce/149a00dd41f10bc29e5921b496af8b574d8413afcd5e30dfa0ed46c2cc5e/six-1.17.0-py2.py3-none-any.whl", hash = "sha256:4721f391ed90541fddacab5acf947aa0d3dc7d27b2e1e8eda2be8970586c3274", size = 11050, upload_time = "2024-12-04T17:35:26.475Z" },
]

[[package]]
name = "tomli"
version = "2.2.1"
source = { registry = "https://pypi.tuna.tsinghua.edu.cn/simple" }
sdist = { url = "https://pypi.tuna.tsinghua.edu.cn/packages/18/87/302344fed471e44a87289cf4967697d07e532f2421fdaf868a303cbae4ff/tomli-2.2.1.tar.gz", hash = "sha256:cd45e1dc79c835ce60f7404ec8119f2eb06d38b1deba146f07ced3bbc44505ff", size = 17175, upload_time = "2024-11-27T22:38:36.873Z" }
wheels = [
    { url = "https://pypi.tuna.tsinghua.edu.cn/packages/04/90/2ee5f2e0362cb8a0b6499dc44f4d7d48f8fff06d28ba46e6f1eaa61a1388/tomli-2.2.1-cp313-cp313-macosx_10_13_x86_64.whl", hash = "sha256:f4039b9cbc3048b2416cc57ab3bda989a6fcf9b36cf8937f01a6e731b64f80d7", size = 132708, upload_time = "2024-11-27T22:38:21.659Z" },
    { url = "https://pypi.tuna.tsinghua.edu.cn/packages/c0/ec/46b4108816de6b385141f082ba99e315501ccd0a2ea23db4a100dd3990ea/tomli-2.2.1-cp313-cp313-macosx_11_0_arm64.whl", hash = "sha256:286f0ca2ffeeb5b9bd4fcc8d6c330534323ec51b2f52da063b11c502da16f30c", size = 123582, upload_time = "2024-11-27T22:38:22.693Z" },
    { url = "https://pypi.tuna.tsinghua.edu.cn/packages/a0/bd/b470466d0137b37b68d24556c38a0cc819e8febe392d5b199dcd7f578365/tomli-2.2.1-cp313-cp313-manylinux_2_17_aarch64.manylinux2014_aarch64.whl", hash = "sha256:a92ef1a44547e894e2a17d24e7557a5e85a9e1d0048b0b5e7541f76c5032cb13", size = 232543, upload_time = "2024-11-27T22:38:24.367Z" },
    { url = "https://pypi.tuna.tsinghua.edu.cn/packages/d9/e5/82e80ff3b751373f7cead2815bcbe2d51c895b3c990686741a8e56ec42ab/tomli-2.2.1-cp313-cp313-manylinux_2_17_x86_64.manylinux2014_x86_64.whl", hash = "sha256:9316dc65bed1684c9a98ee68759ceaed29d229e985297003e494aa825ebb0281", size = 241691, upload_time = "2024-11-27T22:38:26.081Z" },
    { url = "https://pypi.tuna.tsinghua.edu.cn/packages/05/7e/2a110bc2713557d6a1bfb06af23dd01e7dde52b6ee7dadc589868f9abfac/tomli-2.2.1-cp313-cp313-manylinux_2_5_i686.manylinux1_i686.manylinux_2_17_i686.manylinux2014_i686.whl", hash = "sha256:e85e99945e688e32d5a35c1ff38ed0b3f41f43fad8df0bdf79f72b2ba7bc5272", size = 251170, upload_time = "2024-11-27T22:38:27.921Z" },
    { url = "https://pypi.tuna.tsinghua.edu.cn/packages/64/7b/22d713946efe00e0adbcdfd6d1aa119ae03fd0b60ebed51ebb3fa9f5a2e5/tomli-2.2.1-cp313-cp313-musllinux_1_2_aarch64.whl", hash = "sha256:ac065718db92ca818f8d6141b5f66369833d4a80a9d74435a268c52bdfa73140", size = 236530, upload_time = "2024-11-27T22:38:29.591Z" },
    { url = "https://pypi.tuna.tsinghua.edu.cn/packages/38/31/3a76f67da4b0cf37b742ca76beaf819dca0ebef26d78fc794a576e08accf/tomli-2.2.1-cp313-cp313-musllinux_1_2_i686.whl", hash = "sha256:d920f33822747519673ee656a4b6ac33e382eca9d331c87770faa3eef562aeb2", size = 258666, upload_time = "2024-11-27T22:38:30.639Z" },
    { url = "https://pypi.tuna.tsinghua.edu.cn/packages/07/10/5af1293da642aded87e8a988753945d0cf7e00a9452d3911dd3bb354c9e2/tomli-2.2.1-cp313-cp313-musllinux_1_2_x86_64.whl", hash = "sha256:a198f10c4d1b1375d7687bc25294306e551bf1abfa4eace6650070a5c1ae2744", size = 243954, upload_time = "2024-11-27T22:38:31.702Z" },
    { url = "https://pypi.tuna.tsinghua.edu.cn/packages/5b/b9/1ed31d167be802da0fc95020d04cd27b7d7065cc6fbefdd2f9186f60d7bd/tomli-2.2.1-cp313-cp313-win32.whl", hash = "sha256:d3f5614314d758649ab2ab3a62d4f2004c825922f9e370b29416484086b264ec", size = 98724, upload_time = "2024-11-27T22:38:32.837Z" },
    { url = "https://pypi.tuna.tsinghua.edu.cn/packages/c7/32/b0963458706accd9afcfeb867c0f9175a741bf7b19cd424230714d722198/tomli-2.2.1-cp313-cp313-win_amd64.whl", hash = "sha256:a38aa0308e754b0e3c67e344754dff64999ff9b513e691d0e786265c93583c69", size = 109383, upload_time = "2024-11-27T22:38:34.455Z" },
    { url = "https://pypi.tuna.tsinghua.edu.cn/packages/6e/c2/61d3e0f47e2b74ef40a68b9e6ad5984f6241a942f7cd3bbfbdbd03861ea9/tomli-2.2.1-py3-none-any.whl", hash = "sha256:cb55c73c5f4408779d0cf3eef9f762b9c9f147a77de7b258bef0a5628adc85cc", size = 14257, upload_time = "2024-11-27T22:38:35.385Z" },
]

[[package]]
name = "wxpython"
version = "4.2.2"
source = { registry = "https://pypi.tuna.tsinghua.edu.cn/simple" }
dependencies = [
    { name = "six" },
]
sdist = { url = "https://pypi.tuna.tsinghua.edu.cn/packages/a4/f5/8c272764770f47fd419cc2eff4c4fa1c0681c71bcc2f3158b3a83d1339ff/wxPython-4.2.2.tar.gz", hash = "sha256:5dbcb0650f67fdc2c5965795a255ffaa3d7b09fb149aa8da2d0d9aa44e38e2ba", size = 57358880, upload_time = "2024-09-12T02:44:55.263Z" }
wheels = [
    { url = "https://pypi.tuna.tsinghua.edu.cn/packages/4a/6c/d53b5ae0c039190f07f2cb77715f7b0c3c68588ff922e8f894c0c6b8f9e9/wxPython-4.2.2-cp313-cp313-macosx_10_13_universal2.whl", hash = "sha256:e3a6f0eebb8176135991851adbb1648da7f3beb0378752117c3b7ee05e8e55c6", size = 30431860, upload_time = "2024-09-12T02:44:28.895Z" },
    { url = "https://pypi.tuna.tsinghua.edu.cn/packages/fa/b1/bc06c1abb212e1a2358588037d4fa5d5f4c962dd287478f4d54e425854a0/wxPython-4.2.2-cp313-cp313-win32.whl", hash = "sha256:c9310864b088d0f68d212360f261c8fec46a543c952da21805177519622b8524", size = 14368445, upload_time = "2024-09-12T02:44:31.593Z" },
    { url = "https://pypi.tuna.tsinghua.edu.cn/packages/8c/df/5a9eca8dab4367c3efc27a42a6d6d407347261c2b7be5cead468d22f99e0/wxPython-4.2.2-cp313-cp313-win_amd64.whl", hash = "sha256:d8548ce4165e214601083d0d5767dba854a5e14f4e0ed4dbe56e2daf193a4575", size = 16416599, upload_time = "2024-09-12T02:44:34.459Z" },
]
